
Microsoft Visual Studio Solution File, Format Version 12.00
# Visual Studio 15
Project("{FAE04EC0-301F-11D3-BF4B-00C04F79EFBC}") = "osgEx", "osgEx.csproj", "{16FD64CD-EFBD-5582-A8C6-8AE3C822495F}"
EndProject
Project("{FAE04EC0-301F-11D3-BF4B-00C04F79EFBC}") = "Assembly-CSharp", "Assembly-CSharp.csproj", "{6ECB1224-1549-CB19-5C30-C6C0ECA06D49}"
EndProject
Global
	GlobalSection(SolutionConfigurationPlatforms) = preSolution
		Debug|Any CPU = Debug|Any CPU
		Release|Any CPU = Release|Any CPU
	EndGlobalSection
	GlobalSection(ProjectConfigurationPlatforms) = postSolution
		{16FD64CD-EFBD-5582-A8C6-8AE3C822495F}.Debug|Any CPU.ActiveCfg = Debug|Any CPU
		{16FD64CD-EFBD-5582-A8C6-8AE3C822495F}.Debug|Any CPU.Build.0 = Debug|Any CPU
		{16FD64CD-EFBD-5582-A8C6-8AE3C822495F}.Release|Any CPU.ActiveCfg = Release|Any CPU
		{16FD64CD-EFBD-5582-A8C6-8AE3C822495F}.Release|Any CPU.Build.0 = Release|Any CPU
		{6ECB1224-1549-CB19-5C30-C6C0ECA06D49}.Debug|Any CPU.ActiveCfg = Debug|Any CPU
		{6ECB1224-1549-CB19-5C30-C6C0ECA06D49}.Debug|Any CPU.Build.0 = Debug|Any CPU
		{6ECB1224-1549-CB19-5C30-C6C0ECA06D49}.Release|Any CPU.ActiveCfg = Release|Any CPU
		{6ECB1224-1549-CB19-5C30-C6C0ECA06D49}.Release|Any CPU.Build.0 = Release|Any CPU
	EndGlobalSection
	GlobalSection(SolutionProperties) = preSolution
		HideSolutionNode = FALSE
	EndGlobalSection
EndGlobal
